
Microsoft Visual Studio Solution File, Format Version 12.00
# Visual Studio Version 16
VisualStudioVersion = 16.0.31313.79
MinimumVisualStudioVersion = 10.0.40219.1
Project("{FAE04EC0-301F-11D3-BF4B-00C04F79EFBC}") = "WebApplication6-test", "WebApplication6-test\WebApplication6-test.csproj", "{B5E2CD80-1484-491B-BB3F-569FFE85F57D}"
EndProject
Global
	GlobalSection(SolutionConfigurationPlatforms) = preSolution
		Debug|Any CPU = Debug|Any CPU
		Release|Any CPU = Release|Any CPU
	EndGlobalSection
	GlobalSection(ProjectConfigurationPlatforms) = postSolution
		{B5E2CD80-1484-491B-BB3F-569FFE85F57D}.Debug|Any CPU.ActiveCfg = Debug|Any CPU
		{B5E2CD80-1484-491B-BB3F-569FFE85F57D}.Debug|Any CPU.Build.0 = Debug|Any CPU
		{B5E2CD80-1484-491B-BB3F-569FFE85F57D}.Release|Any CPU.ActiveCfg = Release|Any CPU
		{B5E2CD80-1484-491B-BB3F-569FFE85F57D}.Release|Any CPU.Build.0 = Release|Any CPU
	EndGlobalSection
	GlobalSection(SolutionProperties) = preSolution
		HideSolutionNode = FALSE
	EndGlobalSection
	GlobalSection(ExtensibilityGlobals) = postSolution
		SolutionGuid = {AC225EDF-139E-47EC-9D3F-8BF541A4FF3E}
	EndGlobalSection
EndGlobal
